
Microsoft Visual Studio Solution File, Format Version 12.00
# Visual Studio 15
VisualStudioVersion = 15.0.28010.2026
MinimumVisualStudioVersion = 10.0.40219.1
Project("{FAE04EC0-301F-11D3-BF4B-00C04F79EFBC}") = "lab8", "lab8\lab8.csproj", "{137235E2-C3B5-460C-BD8E-92DD8C9525C6}"
EndProject
Global
	GlobalSection(SolutionConfigurationPlatforms) = preSolution
		Debug|Any CPU = Debug|Any CPU
		Release|Any CPU = Release|Any CPU
	EndGlobalSection
	GlobalSection(ProjectConfigurationPlatforms) = postSolution
		{137235E2-C3B5-460C-BD8E-92DD8C9525C6}.Debug|Any CPU.ActiveCfg = Debug|Any CPU
		{137235E2-C3B5-460C-BD8E-92DD8C9525C6}.Debug|Any CPU.Build.0 = Debug|Any CPU
		{137235E2-C3B5-460C-BD8E-92DD8C9525C6}.Release|Any CPU.ActiveCfg = Release|Any CPU
		{137235E2-C3B5-460C-BD8E-92DD8C9525C6}.Release|Any CPU.Build.0 = Release|Any CPU
	EndGlobalSection
	GlobalSection(SolutionProperties) = preSolution
		HideSolutionNode = FALSE
	EndGlobalSection
	GlobalSection(ExtensibilityGlobals) = postSolution
		SolutionGuid = {766E0862-BAFB-48D7-9E21-5282FD0FB117}
	EndGlobalSection
EndGlobal
